{
  "name": "orbit-db-feedstore",
  "version": "1.12.0",
  "lockfileVersion": 1,
  "requires": true,
  "dependencies": {
    "orbit-db-eventstore": {
      "version": "1.12.0",
      "resolved": "https://registry.npmjs.org/orbit-db-eventstore/-/orbit-db-eventstore-1.12.0.tgz",
      "integrity": "sha512-KOTBa5Xj4EGlOEqNTNVdHeoMoJRc90x1LQrOfXKkF3XjN6qL92peIfBvVReLhbwG1mDRVdmtRpMNRcaA9eDI5Q=="
    }
  }
}
